
Microsoft Visual Studio Solution File, Format Version 12.00
# Visual Studio Version 16
VisualStudioVersion = 16.0.30611.23
MinimumVisualStudioVersion = 10.0.40219.1
Project("{FAE04EC0-301F-11D3-BF4B-00C04F79EFBC}") = "Test_ASCOM_form", "Test_ASCOM_form.csproj", "{FE4188DD-6B81-437B-B23D-2A62AA17A1DF}"
EndProject
Global
	GlobalSection(SolutionConfigurationPlatforms) = preSolution
		Debug|Any CPU = Debug|Any CPU
		Release|Any CPU = Release|Any CPU
	EndGlobalSection
	GlobalSection(ProjectConfigurationPlatforms) = postSolution
		{FE4188DD-6B81-437B-B23D-2A62AA17A1DF}.Debug|Any CPU.ActiveCfg = Debug|Any CPU
		{FE4188DD-6B81-437B-B23D-2A62AA17A1DF}.Debug|Any CPU.Build.0 = Debug|Any CPU
		{FE4188DD-6B81-437B-B23D-2A62AA17A1DF}.Release|Any CPU.ActiveCfg = Release|Any CPU
		{FE4188DD-6B81-437B-B23D-2A62AA17A1DF}.Release|Any CPU.Build.0 = Release|Any CPU
	EndGlobalSection
	GlobalSection(SolutionProperties) = preSolution
		HideSolutionNode = FALSE
	EndGlobalSection
	GlobalSection(ExtensibilityGlobals) = postSolution
		SolutionGuid = {A9E0BA25-E849-4B6C-9B1C-2456AA40FDF1}
	EndGlobalSection
EndGlobal
